
Microsoft Visual Studio Solution File, Format Version 12.00
# Visual Studio Version 16
VisualStudioVersion = 16.6.30114.105
MinimumVisualStudioVersion = 10.0.40219.1
Project("{FAE04EC0-301F-11D3-BF4B-00C04F79EFBC}") = "InitOnlySetter", "InitOnlySetter\InitOnlySetter.csproj", "{02076350-4687-45C8-BB2F-1F24585F97D5}"
EndProject
Project("{FAE04EC0-301F-11D3-BF4B-00C04F79EFBC}") = "RecordType", "RecordType\RecordType.csproj", "{089365DC-A1E7-4B00-8FD4-376A9BDA907A}"
EndProject
Project("{FAE04EC0-301F-11D3-BF4B-00C04F79EFBC}") = "TopLevelStatement", "TopLevelStatement\TopLevelStatement.csproj", "{CCF12061-46BC-46A7-8707-13B06C7A846E}"
EndProject
Project("{FAE04EC0-301F-11D3-BF4B-00C04F79EFBC}") = "PatternMatching", "PatternMatching\PatternMatching.csproj", "{56535EAB-DFC1-4AC5-88B9-FBEA7183BC1E}"
EndProject
Project("{FAE04EC0-301F-11D3-BF4B-00C04F79EFBC}") = "StaticAnonymusFunction", "StaticAnonymusFunction\StaticAnonymusFunction.csproj", "{E2CA53A9-5BA6-4F6F-AE2C-825297D7E8A5}"
EndProject
Project("{FAE04EC0-301F-11D3-BF4B-00C04F79EFBC}") = "ModuleInitializers", "ModuleInitializers\ModuleInitializers.csproj", "{3FF1A187-F774-42AD-9B27-243FA68FFBA2}"
EndProject
Global
	GlobalSection(SolutionConfigurationPlatforms) = preSolution
		Debug|Any CPU = Debug|Any CPU
		Debug|x64 = Debug|x64
		Debug|x86 = Debug|x86
		Release|Any CPU = Release|Any CPU
		Release|x64 = Release|x64
		Release|x86 = Release|x86
	EndGlobalSection
	GlobalSection(SolutionProperties) = preSolution
		HideSolutionNode = FALSE
	EndGlobalSection
	GlobalSection(ProjectConfigurationPlatforms) = postSolution
		{02076350-4687-45C8-BB2F-1F24585F97D5}.Debug|Any CPU.ActiveCfg = Debug|Any CPU
		{02076350-4687-45C8-BB2F-1F24585F97D5}.Debug|Any CPU.Build.0 = Debug|Any CPU
		{02076350-4687-45C8-BB2F-1F24585F97D5}.Debug|x64.ActiveCfg = Debug|Any CPU
		{02076350-4687-45C8-BB2F-1F24585F97D5}.Debug|x64.Build.0 = Debug|Any CPU
		{02076350-4687-45C8-BB2F-1F24585F97D5}.Debug|x86.ActiveCfg = Debug|Any CPU
		{02076350-4687-45C8-BB2F-1F24585F97D5}.Debug|x86.Build.0 = Debug|Any CPU
		{02076350-4687-45C8-BB2F-1F24585F97D5}.Release|Any CPU.ActiveCfg = Release|Any CPU
		{02076350-4687-45C8-BB2F-1F24585F97D5}.Release|Any CPU.Build.0 = Release|Any CPU
		{02076350-4687-45C8-BB2F-1F24585F97D5}.Release|x64.ActiveCfg = Release|Any CPU
		{02076350-4687-45C8-BB2F-1F24585F97D5}.Release|x64.Build.0 = Release|Any CPU
		{02076350-4687-45C8-BB2F-1F24585F97D5}.Release|x86.ActiveCfg = Release|Any CPU
		{02076350-4687-45C8-BB2F-1F24585F97D5}.Release|x86.Build.0 = Release|Any CPU
		{089365DC-A1E7-4B00-8FD4-376A9BDA907A}.Debug|Any CPU.ActiveCfg = Debug|Any CPU
		{089365DC-A1E7-4B00-8FD4-376A9BDA907A}.Debug|Any CPU.Build.0 = Debug|Any CPU
		{089365DC-A1E7-4B00-8FD4-376A9BDA907A}.Debug|x64.ActiveCfg = Debug|Any CPU
		{089365DC-A1E7-4B00-8FD4-376A9BDA907A}.Debug|x64.Build.0 = Debug|Any CPU
		{089365DC-A1E7-4B00-8FD4-376A9BDA907A}.Debug|x86.ActiveCfg = Debug|Any CPU
		{089365DC-A1E7-4B00-8FD4-376A9BDA907A}.Debug|x86.Build.0 = Debug|Any CPU
		{089365DC-A1E7-4B00-8FD4-376A9BDA907A}.Release|Any CPU.ActiveCfg = Release|Any CPU
		{089365DC-A1E7-4B00-8FD4-376A9BDA907A}.Release|Any CPU.Build.0 = Release|Any CPU
		{089365DC-A1E7-4B00-8FD4-376A9BDA907A}.Release|x64.ActiveCfg = Release|Any CPU
		{089365DC-A1E7-4B00-8FD4-376A9BDA907A}.Release|x64.Build.0 = Release|Any CPU
		{089365DC-A1E7-4B00-8FD4-376A9BDA907A}.Release|x86.ActiveCfg = Release|Any CPU
		{089365DC-A1E7-4B00-8FD4-376A9BDA907A}.Release|x86.Build.0 = Release|Any CPU
		{CCF12061-46BC-46A7-8707-13B06C7A846E}.Debug|Any CPU.ActiveCfg = Debug|Any CPU
		{CCF12061-46BC-46A7-8707-13B06C7A846E}.Debug|Any CPU.Build.0 = Debug|Any CPU
		{CCF12061-46BC-46A7-8707-13B06C7A846E}.Debug|x64.ActiveCfg = Debug|Any CPU
		{CCF12061-46BC-46A7-8707-13B06C7A846E}.Debug|x64.Build.0 = Debug|Any CPU
		{CCF12061-46BC-46A7-8707-13B06C7A846E}.Debug|x86.ActiveCfg = Debug|Any CPU
		{CCF12061-46BC-46A7-8707-13B06C7A846E}.Debug|x86.Build.0 = Debug|Any CPU
		{CCF12061-46BC-46A7-8707-13B06C7A846E}.Release|Any CPU.ActiveCfg = Release|Any CPU
		{CCF12061-46BC-46A7-8707-13B06C7A846E}.Release|Any CPU.Build.0 = Release|Any CPU
		{CCF12061-46BC-46A7-8707-13B06C7A846E}.Release|x64.ActiveCfg = Release|Any CPU
		{CCF12061-46BC-46A7-8707-13B06C7A846E}.Release|x64.Build.0 = Release|Any CPU
		{CCF12061-46BC-46A7-8707-13B06C7A846E}.Release|x86.ActiveCfg = Release|Any CPU
		{CCF12061-46BC-46A7-8707-13B06C7A846E}.Release|x86.Build.0 = Release|Any CPU
		{56535EAB-DFC1-4AC5-88B9-FBEA7183BC1E}.Debug|Any CPU.ActiveCfg = Debug|Any CPU
		{56535EAB-DFC1-4AC5-88B9-FBEA7183BC1E}.Debug|Any CPU.Build.0 = Debug|Any CPU
		{56535EAB-DFC1-4AC5-88B9-FBEA7183BC1E}.Debug|x64.ActiveCfg = Debug|Any CPU
		{56535EAB-DFC1-4AC5-88B9-FBEA7183BC1E}.Debug|x64.Build.0 = Debug|Any CPU
		{56535EAB-DFC1-4AC5-88B9-FBEA7183BC1E}.Debug|x86.ActiveCfg = Debug|Any CPU
		{56535EAB-DFC1-4AC5-88B9-FBEA7183BC1E}.Debug|x86.Build.0 = Debug|Any CPU
		{56535EAB-DFC1-4AC5-88B9-FBEA7183BC1E}.Release|Any CPU.ActiveCfg = Release|Any CPU
		{56535EAB-DFC1-4AC5-88B9-FBEA7183BC1E}.Release|Any CPU.Build.0 = Release|Any CPU
		{56535EAB-DFC1-4AC5-88B9-FBEA7183BC1E}.Release|x64.ActiveCfg = Release|Any CPU
		{56535EAB-DFC1-4AC5-88B9-FBEA7183BC1E}.Release|x64.Build.0 = Release|Any CPU
		{56535EAB-DFC1-4AC5-88B9-FBEA7183BC1E}.Release|x86.ActiveCfg = Release|Any CPU
		{56535EAB-DFC1-4AC5-88B9-FBEA7183BC1E}.Release|x86.Build.0 = Release|Any CPU
		{E2CA53A9-5BA6-4F6F-AE2C-825297D7E8A5}.Debug|Any CPU.ActiveCfg = Debug|Any CPU
		{E2CA53A9-5BA6-4F6F-AE2C-825297D7E8A5}.Debug|Any CPU.Build.0 = Debug|Any CPU
		{E2CA53A9-5BA6-4F6F-AE2C-825297D7E8A5}.Debug|x64.ActiveCfg = Debug|Any CPU
		{E2CA53A9-5BA6-4F6F-AE2C-825297D7E8A5}.Debug|x64.Build.0 = Debug|Any CPU
		{E2CA53A9-5BA6-4F6F-AE2C-825297D7E8A5}.Debug|x86.ActiveCfg = Debug|Any CPU
		{E2CA53A9-5BA6-4F6F-AE2C-825297D7E8A5}.Debug|x86.Build.0 = Debug|Any CPU
		{E2CA53A9-5BA6-4F6F-AE2C-825297D7E8A5}.Release|Any CPU.ActiveCfg = Release|Any CPU
		{E2CA53A9-5BA6-4F6F-AE2C-825297D7E8A5}.Release|Any CPU.Build.0 = Release|Any CPU
		{E2CA53A9-5BA6-4F6F-AE2C-825297D7E8A5}.Release|x64.ActiveCfg = Release|Any CPU
		{E2CA53A9-5BA6-4F6F-AE2C-825297D7E8A5}.Release|x64.Build.0 = Release|Any CPU
		{E2CA53A9-5BA6-4F6F-AE2C-825297D7E8A5}.Release|x86.ActiveCfg = Release|Any CPU
		{E2CA53A9-5BA6-4F6F-AE2C-825297D7E8A5}.Release|x86.Build.0 = Release|Any CPU
		{3FF1A187-F774-42AD-9B27-243FA68FFBA2}.Debug|Any CPU.ActiveCfg = Debug|Any CPU
		{3FF1A187-F774-42AD-9B27-243FA68FFBA2}.Debug|Any CPU.Build.0 = Debug|Any CPU
		{3FF1A187-F774-42AD-9B27-243FA68FFBA2}.Debug|x64.ActiveCfg = Debug|Any CPU
		{3FF1A187-F774-42AD-9B27-243FA68FFBA2}.Debug|x64.Build.0 = Debug|Any CPU
		{3FF1A187-F774-42AD-9B27-243FA68FFBA2}.Debug|x86.ActiveCfg = Debug|Any CPU
		{3FF1A187-F774-42AD-9B27-243FA68FFBA2}.Debug|x86.Build.0 = Debug|Any CPU
		{3FF1A187-F774-42AD-9B27-243FA68FFBA2}.Release|Any CPU.ActiveCfg = Release|Any CPU
		{3FF1A187-F774-42AD-9B27-243FA68FFBA2}.Release|Any CPU.Build.0 = Release|Any CPU
		{3FF1A187-F774-42AD-9B27-243FA68FFBA2}.Release|x64.ActiveCfg = Release|Any CPU
		{3FF1A187-F774-42AD-9B27-243FA68FFBA2}.Release|x64.Build.0 = Release|Any CPU
		{3FF1A187-F774-42AD-9B27-243FA68FFBA2}.Release|x86.ActiveCfg = Release|Any CPU
		{3FF1A187-F774-42AD-9B27-243FA68FFBA2}.Release|x86.Build.0 = Release|Any CPU
	EndGlobalSection
EndGlobal
